
Microsoft Visual Studio Solution File, Format Version 12.00
# Visual Studio 14
VisualStudioVersion = 14.0.25420.1
MinimumVisualStudioVersion = 10.0.40219.1
Project("{FAE04EC0-301F-11D3-BF4B-00C04F79EFBC}") = "DeltaStore", "DeltaStore\DeltaStore.csproj", "{50485249-4177-4C4D-B9F9-02517BA2EE66}"
EndProject
Project("{FAE04EC0-301F-11D3-BF4B-00C04F79EFBC}") = "UnitTestProject_DeltaStore", "UnitTestProject_DeltaStore\UnitTestProject_DeltaStore.csproj", "{CBF13916-1994-48B1-A7A0-7B1A70543487}"
EndProject
Global
	GlobalSection(SolutionConfigurationPlatforms) = preSolution
		Debug|Any CPU = Debug|Any CPU
		Release|Any CPU = Release|Any CPU
	EndGlobalSection
	GlobalSection(ProjectConfigurationPlatforms) = postSolution
		{50485249-4177-4C4D-B9F9-02517BA2EE66}.Debug|Any CPU.ActiveCfg = Debug|Any CPU
		{50485249-4177-4C4D-B9F9-02517BA2EE66}.Debug|Any CPU.Build.0 = Debug|Any CPU
		{50485249-4177-4C4D-B9F9-02517BA2EE66}.Release|Any CPU.ActiveCfg = Release|Any CPU
		{50485249-4177-4C4D-B9F9-02517BA2EE66}.Release|Any CPU.Build.0 = Release|Any CPU
		{CBF13916-1994-48B1-A7A0-7B1A70543487}.Debug|Any CPU.ActiveCfg = Debug|Any CPU
		{CBF13916-1994-48B1-A7A0-7B1A70543487}.Debug|Any CPU.Build.0 = Debug|Any CPU
		{CBF13916-1994-48B1-A7A0-7B1A70543487}.Release|Any CPU.ActiveCfg = Release|Any CPU
		{CBF13916-1994-48B1-A7A0-7B1A70543487}.Release|Any CPU.Build.0 = Release|Any CPU
	EndGlobalSection
	GlobalSection(SolutionProperties) = preSolution
		HideSolutionNode = FALSE
	EndGlobalSection
EndGlobal
